PODS:
  - AFNetworking (2.2.1):
    - AFNetworking/NSURLConnection (= 2.2.1)
    - AFNetworking/NSURLSession (= 2.2.1)
    - AFNetworking/Reachability (= 2.2.1)
    - AFNetworking/Security (= 2.2.1)
    - AFNetworking/Serialization (= 2.2.1)
    - AFNetworking/UIKit (= 2.2.1)
  - AFNetworking/NSURLConnection (2.2.1):
    - AFNetworking/Reachability
    - AFNetworking/Security
    - AFNetworking/Serialization
  - AFNetworking/NSURLSession (2.2.1):
    - AFNetworking/NSURLConnection
  - AFNetworking/Reachability (2.2.1)
  - AFNetworking/Security (2.2.1)
  - AFNetworking/Serialization (2.2.1)
  - AFNetworking/UIKit (2.2.1):
    - AFNetworking/NSURLConnection
    - AFNetworking/NSURLSession
  - iOS-blur (0.0.5)
  - LVDebounce (0.0.4)
  - Mixpanel (2.5.3)
  - Reachability (3.1.1)
  - TEAChart (0.1)
  - UIView+AutoLayout (2.0.1)

DEPENDENCIES:
  - AFNetworking (= 2.2.1)
  - iOS-blur
  - LVDebounce
  - Mixpanel
  - Reachability
  - TEAChart
  - UIView+AutoLayout

SPEC CHECKSUMS:
  AFNetworking: 59a0b8e9ecd4e194d64b4967232cd2cc83490113
  iOS-blur: 8e4a4a2202b881e940869eca0c957808cbdf0a19
  LVDebounce: 166cf3e2215e74a1aae42902df15701f9c31d34f
  Mixpanel: aa00f018105f67563bc17b2b17f494c9fc672713
  Reachability: dd9aa4fb6667b9f787690a74f53cb7634ce99893
  TEAChart: 94e780962cb9a9a617bc8b4b64beeb6a8ab50e4d
  UIView+AutoLayout: 9eb76d5e72974e5b96c0350624d8f17ddb405ee0

COCOAPODS: 0.38.0
